
Microsoft Visual Studio Solution File, Format Version 12.00
# Visual Studio Version 17
VisualStudioVersion = 17.10.35013.160
MinimumVisualStudioVersion = 10.0.40219.1
Project("{FAE04EC0-301F-11D3-BF4B-00C04F79EFBC}") = "Tira", "Tira\Tira.csproj", "{3781B6DC-6214-45CE-A3D9-967185169A8C}"
EndProject
Global
	GlobalSection(SolutionConfigurationPlatforms) = preSolution
		Debug|Any CPU = Debug|Any CPU
		Release|Any CPU = Release|Any CPU
	EndGlobalSection
	GlobalSection(ProjectConfigurationPlatforms) = postSolution
		{3781B6DC-6214-45CE-A3D9-967185169A8C}.Debug|Any CPU.ActiveCfg = Debug|Any CPU
		{3781B6DC-6214-45CE-A3D9-967185169A8C}.Debug|Any CPU.Build.0 = Debug|Any CPU
		{3781B6DC-6214-45CE-A3D9-967185169A8C}.Release|Any CPU.ActiveCfg = Release|Any CPU
		{3781B6DC-6214-45CE-A3D9-967185169A8C}.Release|Any CPU.Build.0 = Release|Any CPU
	EndGlobalSection
	GlobalSection(SolutionProperties) = preSolution
		HideSolutionNode = FALSE
	EndGlobalSection
	GlobalSection(ExtensibilityGlobals) = postSolution
		SolutionGuid = {FD46AD91-A14B-46BD-AA1F-8178827A8D31}
	EndGlobalSection
EndGlobal
